
Microsoft Visual Studio Solution File, Format Version 12.00
# Visual Studio 14
VisualStudioVersion = 14.0.25420.1
MinimumVisualStudioVersion = 10.0.40219.1
Project("{8BC9CEB8-8B4A-11D0-8D11-00A0C91BC942}") = "appMain", "appMain\appMain.vcxproj", "{855D5B97-08C6-4C24-857C-9B754A855DAC}"
EndProject
Project("{8BC9CEB8-8B4A-11D0-8D11-00A0C91BC942}") = "LoaderDLL", "..\LoaderDLL\LoaderDLL\LoaderDLL.vcxproj", "{4A3B3AE1-F4ED-4288-B2AC-449242F5CFDB}"
EndProject
Global
	GlobalSection(SolutionConfigurationPlatforms) = preSolution
		Debug|x64 = Debug|x64
		Debug|x86 = Debug|x86
		Release|x64 = Release|x64
		Release|x86 = Release|x86
	EndGlobalSection
	GlobalSection(ProjectConfigurationPlatforms) = postSolution
		{855D5B97-08C6-4C24-857C-9B754A855DAC}.Debug|x64.ActiveCfg = Debug|x64
		{855D5B97-08C6-4C24-857C-9B754A855DAC}.Debug|x64.Build.0 = Debug|x64
		{855D5B97-08C6-4C24-857C-9B754A855DAC}.Debug|x86.ActiveCfg = Debug|Win32
		{855D5B97-08C6-4C24-857C-9B754A855DAC}.Debug|x86.Build.0 = Debug|Win32
		{855D5B97-08C6-4C24-857C-9B754A855DAC}.Release|x64.ActiveCfg = Release|x64
		{855D5B97-08C6-4C24-857C-9B754A855DAC}.Release|x64.Build.0 = Release|x64
		{855D5B97-08C6-4C24-857C-9B754A855DAC}.Release|x86.ActiveCfg = Release|Win32
		{855D5B97-08C6-4C24-857C-9B754A855DAC}.Release|x86.Build.0 = Release|Win32
		{4A3B3AE1-F4ED-4288-B2AC-449242F5CFDB}.Debug|x64.ActiveCfg = Debug|x64
		{4A3B3AE1-F4ED-4288-B2AC-449242F5CFDB}.Debug|x64.Build.0 = Debug|x64
		{4A3B3AE1-F4ED-4288-B2AC-449242F5CFDB}.Debug|x86.ActiveCfg = Debug|Win32
		{4A3B3AE1-F4ED-4288-B2AC-449242F5CFDB}.Debug|x86.Build.0 = Debug|Win32
		{4A3B3AE1-F4ED-4288-B2AC-449242F5CFDB}.Release|x64.ActiveCfg = Release|x64
		{4A3B3AE1-F4ED-4288-B2AC-449242F5CFDB}.Release|x64.Build.0 = Release|x64
		{4A3B3AE1-F4ED-4288-B2AC-449242F5CFDB}.Release|x86.ActiveCfg = Release|Win32
		{4A3B3AE1-F4ED-4288-B2AC-449242F5CFDB}.Release|x86.Build.0 = Release|Win32
	EndGlobalSection
	GlobalSection(SolutionProperties) = preSolution
		HideSolutionNode = FALSE
	EndGlobalSection
EndGlobal
